<Solution>
  <Folder Name="/Api/">
    <Project Path="src/Api/RedDune.Api/RedDune.Api.csproj" />
  </Folder>
  <Folder Name="/Core/">
    <Project Path="src/Core/RedDune.Core/RedDune.Core.csproj" Id="62aa1ef5-7c03-4fbe-a115-9013a938959b" />
  </Folder>
  <Folder Name="/Tests/">
    <Project Path="tests/RedDune.Api.Tests/RedDune.Api.Tests.csproj" />
    <Project Path="tests/RedDune.Tests/RedDune.Tests.csproj" />
  </Folder>
</Solution>
